
Microsoft Visual Studio Solution File, Format Version 12.00
# Visual Studio Version 17
VisualStudioVersion = 17.14.36221.1
MinimumVisualStudioVersion = 10.0.40219.1
Project("{FAE04EC0-301F-11D3-BF4B-00C04F79EFBC}") = "CommonLibrary", "CommonLibrary\CommonLibrary.csproj", "{2AA1BA49-F410-4B9A-A180-1C3E090ABE27}"
EndProject
Project("{FAE04EC0-301F-11D3-BF4B-00C04F79EFBC}") = "Castle_Defense_Client", "Castle_Defense_Client\Castle_Defense_Client.csproj", "{6C7CB845-5E4A-43B4-82A1-133090970790}"
EndProject
Project("{FAE04EC0-301F-11D3-BF4B-00C04F79EFBC}") = "Castle_Defense_Server", "Castle_Defense_Server\Castle_Defense_Server.csproj", "{AE539348-4888-415A-A5B5-4EED636AFFFB}"
EndProject
Project("{2150E333-8FDC-42A3-9474-1A3956D46DE8}") = "Skica_Implementacije", "Skica_Implementacije", "{02EA681E-C7D8-13C7-8484-4AC65E1B71E8}"
	ProjectSection(SolutionItems) = preProject
		..\..\..\Downloads\SkicaImplementacijeProjekta.drawio = ..\..\..\Downloads\SkicaImplementacijeProjekta.drawio
	EndProjectSection
EndProject
Global
	GlobalSection(SolutionConfigurationPlatforms) = preSolution
		Debug|Any CPU = Debug|Any CPU
		Release|Any CPU = Release|Any CPU
	EndGlobalSection
	GlobalSection(ProjectConfigurationPlatforms) = postSolution
		{2AA1BA49-F410-4B9A-A180-1C3E090ABE27}.Debug|Any CPU.ActiveCfg = Debug|Any CPU
		{2AA1BA49-F410-4B9A-A180-1C3E090ABE27}.Debug|Any CPU.Build.0 = Debug|Any CPU
		{2AA1BA49-F410-4B9A-A180-1C3E090ABE27}.Release|Any CPU.ActiveCfg = Release|Any CPU
		{2AA1BA49-F410-4B9A-A180-1C3E090ABE27}.Release|Any CPU.Build.0 = Release|Any CPU
		{6C7CB845-5E4A-43B4-82A1-133090970790}.Debug|Any CPU.ActiveCfg = Debug|Any CPU
		{6C7CB845-5E4A-43B4-82A1-133090970790}.Debug|Any CPU.Build.0 = Debug|Any CPU
		{6C7CB845-5E4A-43B4-82A1-133090970790}.Release|Any CPU.ActiveCfg = Release|Any CPU
		{6C7CB845-5E4A-43B4-82A1-133090970790}.Release|Any CPU.Build.0 = Release|Any CPU
		{AE539348-4888-415A-A5B5-4EED636AFFFB}.Debug|Any CPU.ActiveCfg = Debug|Any CPU
		{AE539348-4888-415A-A5B5-4EED636AFFFB}.Debug|Any CPU.Build.0 = Debug|Any CPU
		{AE539348-4888-415A-A5B5-4EED636AFFFB}.Release|Any CPU.ActiveCfg = Release|Any CPU
		{AE539348-4888-415A-A5B5-4EED636AFFFB}.Release|Any CPU.Build.0 = Release|Any CPU
	EndGlobalSection
	GlobalSection(SolutionProperties) = preSolution
		HideSolutionNode = FALSE
	EndGlobalSection
	GlobalSection(ExtensibilityGlobals) = postSolution
		SolutionGuid = {6872095F-F094-40AC-AAD0-5D17DF13B9FF}
	EndGlobalSection
EndGlobal
